{
  "name": "@vessel-ui/vs-avatar",
  "version": "1.0.0",
  "lockfileVersion": 3,
  "requires": true,
  "packages": {
    "": {
      "name": "@vessel-ui/vs-avatar",
      "version": "1.0.0",
      "license": "MIT",
      "devDependencies": {
        "cli": "file:../../cli",
        "vessel": "file:../../vessel"
      }
    },
    "../../cli": {
      "name": "@vessel/cli",
      "version": "1.0.0",
      "dev": true,
      "license": "ISC",
      "bin": {
        "cli": "index.js"
      },
      "devDependencies": {
        "css-loader": "^6.7.3",
        "css-minimizer-webpack-plugin": "^4.2.2",
        "sass": "^1.22.10",
        "sass-loader": "^13.2.0",
        "ts-loader": "^9.4.1",
        "typescript": "^4.8.4",
        "webpack": "^5.74.0",
        "webpack-cli": "^4.10.0"
      }
    },
    "../../vessel": {
      "name": "@vessel-ui/vessel",
      "version": "1.0.0",
      "dev": true,
      "license": "MIT",
      "devDependencies": {
        "rimraf": "^3.0.2",
        "terser-webpack-plugin": "^5.3.6",
        "ts-loader": "^9.4.1",
        "typescript": "^4.8.4",
        "webpack": "^5.74.0",
        "webpack-cli": "^4.10.0",
        "webpack-dev-server": "^4.11.1"
      }
    },
    "../vessel": {
      "version": "1.0.0",
      "extraneous": true,
      "license": "MIT",
      "devDependencies": {
        "rimraf": "^3.0.2",
        "terser-webpack-plugin": "^5.3.6",
        "ts-loader": "^9.4.1",
        "typescript": "^4.8.4",
        "webpack": "^5.74.0",
        "webpack-cli": "^4.10.0",
        "webpack-dev-server": "^4.11.1"
      }
    },
    "node_modules/cli": {
      "resolved": "../../cli",
      "link": true
    },
    "node_modules/vessel": {
      "resolved": "../../vessel",
      "link": true
    }
  }
}
